// !$*UTF8*$!
{
	archiveVersion = 1;
	classes = {
	};
	objectVersion = 50;
	objects = {

/* Begin PBXBuildFile section */
		C00377512086916300B2542C /* AppDelegate.swift in Sources */ = {isa = PBXBuildFile; fileRef = C00377502086916300B2542C /* AppDelegate.swift */; };
		C00377562086916300B2542C /* Main.storyboard in Resources */ = {isa = PBXBuildFile; fileRef = C00377542086916300B2542C /* Main.storyboard */; };
		C00377582086916400B2542C /* Assets.xcassets in Resources */ = {isa = PBXBuildFile; fileRef = C00377572086916400B2542C /* Assets.xcassets */; };
		C003775B2086916400B2542C /* LaunchScreen.storyboard in Resources */ = {isa = PBXBuildFile; fileRef = C00377592086916400B2542C /* LaunchScreen.storyboard */; };
		C00377632086919400B2542C /* FeedsListVC.swift in Sources */ = {isa = PBXBuildFile; fileRef = C00377622086919400B2542C /* FeedsListVC.swift */; };
		C00377662086926B00B2542C /* FeedsTable.swift in Sources */ = {isa = PBXBuildFile; fileRef = C00377652086926B00B2542C /* FeedsTable.swift */; };
		C0037768208692DC00B2542C /* FeedModel.swift in Sources */ = {isa = PBXBuildFile; fileRef = C0037767208692DC00B2542C /* FeedModel.swift */; };
		C003776C2086950900B2542C /* FeedCell.swift in Sources */ = {isa = PBXBuildFile; fileRef = C003776B2086950900B2542C /* FeedCell.swift */; };
		C003776F2086988F00B2542C /* NewsListVC.swift in Sources */ = {isa = PBXBuildFile; fileRef = C003776E2086988F00B2542C /* NewsListVC.swift */; };
		C0037771208699B100B2542C /* NewsCell.swift in Sources */ = {isa = PBXBuildFile; fileRef = C0037770208699B100B2542C /* NewsCell.swift */; };
		C003777520869A9700B2542C /* NewsTable.swift in Sources */ = {isa = PBXBuildFile; fileRef = C003777420869A9700B2542C /* NewsTable.swift */; };
		C003777720869D6700B2542C /* ArticleModel.swift in Sources */ = {isa = PBXBuildFile; fileRef = C003777620869D6700B2542C /* ArticleModel.swift */; };
		C00377792086B5A600B2542C /* Alert.swift in Sources */ = {isa = PBXBuildFile; fileRef = C00377782086B5A600B2542C /* Alert.swift */; };
/* End PBXBuildFile section */

/* Begin PBXFileReference section */
		C003774D2086916300B2542C /* Reader.app */ = {isa = PBXFileReference; explicitFileType = wrapper.application; includeInIndex = 0; path = Reader.app; sourceTree = BUILT_PRODUCTS_DIR; };
		C00377502086916300B2542C /* AppDelegate.swift */ = {isa = PBXFileReference; lastKnownFileType = sourcecode.swift; path = AppDelegate.swift; sourceTree = "<group>"; };
		C00377552086916300B2542C /* Base */ = {isa = PBXFileReference; lastKnownFileType = file.storyboard; name = Base; path = Base.lproj/Main.storyboard; sourceTree = "<group>"; };
		C00377572086916400B2542C /* Assets.xcassets */ = {isa = PBXFileReference; lastKnownFileType = folder.assetcatalog; path = Assets.xcassets; sourceTree = "<group>"; };
		C003775A2086916400B2542C /* Base */ = {isa = PBXFileReference; lastKnownFileType = file.storyboard; name = Base; path = Base.lproj/LaunchScreen.storyboard; sourceTree = "<group>"; };
		C003775C2086916400B2542C /* Info.plist */ = {isa = PBXFileReference; lastKnownFileType = text.plist.xml; path = Info.plist; sourceTree = "<group>"; };
		C00377622086919400B2542C /* FeedsListVC.swift */ = {isa = PBXFileReference; lastKnownFileType = sourcecode.swift; path = FeedsListVC.swift; sourceTree = "<group>"; };
		C00377652086926B00B2542C /* FeedsTable.swift */ = {isa = PBXFileReference; lastKnownFileType = sourcecode.swift; path = FeedsTable.swift; sourceTree = "<group>"; };
		C0037767208692DC00B2542C /* FeedModel.swift */ = {isa = PBXFileReference; lastKnownFileType = sourcecode.swift; path = FeedModel.swift; sourceTree = "<group>"; };
		C003776B2086950900B2542C /* FeedCell.swift */ = {isa = PBXFileReference; lastKnownFileType = sourcecode.swift; path = FeedCell.swift; sourceTree = "<group>"; };
		C003776E2086988F00B2542C /* NewsListVC.swift */ = {isa = PBXFileReference; lastKnownFileType = sourcecode.swift; path = NewsListVC.swift; sourceTree = "<group>"; };
		C0037770208699B100B2542C /* NewsCell.swift */ = {isa = PBXFileReference; lastKnownFileType = sourcecode.swift; path = NewsCell.swift; sourceTree = "<group>"; };
		C003777420869A9700B2542C /* NewsTable.swift */ = {isa = PBXFileReference; lastKnownFileType = sourcecode.swift; path = NewsTable.swift; sourceTree = "<group>"; };
		C003777620869D6700B2542C /* ArticleModel.swift */ = {isa = PBXFileReference; lastKnownFileType = sourcecode.swift; path = ArticleModel.swift; sourceTree = "<group>"; };
		C00377782086B5A600B2542C /* Alert.swift */ = {isa = PBXFileReference; fileEncoding = 4; lastKnownFileType = sourcecode.swift; path = Alert.swift; sourceTree = "<group>"; };
/* End PBXFileReference section */

/* Begin PBXFrameworksBuildPhase section */
		C003774A2086916300B2542C /* Frameworks */ = {
			isa = PBXFrameworksBuildPhase;
			buildActionMask = 2147483647;
			files = (
			);
			runOnlyForDeploymentPostprocessing = 0;
		};
/* End PBXFrameworksBuildPhase section */

/* Begin PBXGroup section */
		C00377442086916300B2542C = {
			isa = PBXGroup;
			children = (
				C003774F2086916300B2542C /* Reader */,
				C003774E2086916300B2542C /* Products */,
			);
			sourceTree = "<group>";
		};
		C003774E2086916300B2542C /* Products */ = {
			isa = PBXGroup;
			children = (
				C003774D2086916300B2542C /* Reader.app */,
			);
			name = Products;
			sourceTree = "<group>";
		};
		C003774F2086916300B2542C /* Reader */ = {
			isa = PBXGroup;
			children = (
				C00377542086916300B2542C /* Main.storyboard */,
				C00377642086919900B2542C /* VC */,
				C003776A2086935E00B2542C /* Tables */,
				C00377692086935300B2542C /* Models */,
				C003777A2086B5B100B2542C /* Extensions */,
				C00377502086916300B2542C /* AppDelegate.swift */,
				C00377572086916400B2542C /* Assets.xcassets */,
				C00377592086916400B2542C /* LaunchScreen.storyboard */,
				C003775C2086916400B2542C /* Info.plist */,
			);
			path = Reader;
			sourceTree = "<group>";
		};
		C00377642086919900B2542C /* VC */ = {
			isa = PBXGroup;
			children = (
				C00377622086919400B2542C /* FeedsListVC.swift */,
				C003776E2086988F00B2542C /* NewsListVC.swift */,
			);
			path = VC;
			sourceTree = "<group>";
		};
		C00377692086935300B2542C /* Models */ = {
			isa = PBXGroup;
			children = (
				C0037767208692DC00B2542C /* FeedModel.swift */,
				C003777620869D6700B2542C /* ArticleModel.swift */,
			);
			path = Models;
			sourceTree = "<group>";
		};
		C003776A2086935E00B2542C /* Tables */ = {
			isa = PBXGroup;
			children = (
				C00377652086926B00B2542C /* FeedsTable.swift */,
				C003777420869A9700B2542C /* NewsTable.swift */,
				C003776D208696EE00B2542C /* CellModels */,
			);
			path = Tables;
			sourceTree = "<group>";
		};
		C003776D208696EE00B2542C /* CellModels */ = {
			isa = PBXGroup;
			children = (
				C003776B2086950900B2542C /* FeedCell.swift */,
				C0037770208699B100B2542C /* NewsCell.swift */,
			);
			path = CellModels;
			sourceTree = "<group>";
		};
		C003777A2086B5B100B2542C /* Extensions */ = {
			isa = PBXGroup;
			children = (
				C00377782086B5A600B2542C /* Alert.swift */,
			);
			path = Extensions;
			sourceTree = "<group>";
		};
/* End PBXGroup section */

/* Begin PBXNativeTarget section */
		C003774C2086916300B2542C /* Reader */ = {
			isa = PBXNativeTarget;
			buildConfigurationList = C003775F2086916400B2542C /* Build configuration list for PBXNativeTarget "Reader" */;
			buildPhases = (
				C00377492086916300B2542C /* Sources */,
				C003774A2086916300B2542C /* Frameworks */,
				C003774B2086916300B2542C /* Resources */,
			);
			buildRules = (
			);
			dependencies = (
			);
			name = Reader;
			productName = Reader;
			productReference = C003774D2086916300B2542C /* Reader.app */;
			productType = "com.apple.product-type.application";
		};
/* End PBXNativeTarget section */

/* Begin PBXProject section */
		C00377452086916300B2542C /* Project object */ = {
			isa = PBXProject;
			attributes = {
				LastSwiftUpdateCheck = 0930;
				LastUpgradeCheck = 0930;
				ORGANIZATIONNAME = "Uladzislau Daratsiuk";
				TargetAttributes = {
					C003774C2086916300B2542C = {
						CreatedOnToolsVersion = 9.3;
					};
				};
			};
			buildConfigurationList = C00377482086916300B2542C /* Build configuration list for PBXProject "Reader" */;
			compatibilityVersion = "Xcode 9.3";
			developmentRegion = en;
			hasScannedForEncodings = 0;
			knownRegions = (
				en,
				Base,
			);
			mainGroup = C00377442086916300B2542C;
			productRefGroup = C003774E2086916300B2542C /* Products */;
			projectDirPath = "";
			projectRoot = "";
			targets = (
				C003774C2086916300B2542C /* Reader */,
			);
		};
/* End PBXProject section */

/* Begin PBXResourcesBuildPhase section */
		C003774B2086916300B2542C /* Resources */ = {
			isa = PBXResourcesBuildPhase;
			buildActionMask = 2147483647;
			files = (
				C003775B2086916400B2542C /* LaunchScreen.storyboard in Resources */,
				C00377582086916400B2542C /* Assets.xcassets in Resources */,
				C00377562086916300B2542C /* Main.storyboard in Resources */,
			);
			runOnlyForDeploymentPostprocessing = 0;
		};
/* End PBXResourcesBuildPhase section */

/* Begin PBXSourcesBuildPhase section */
		C00377492086916300B2542C /* Sources */ = {
			isa = PBXSourcesBuildPhase;
			buildActionMask = 2147483647;
			files = (
				C00377632086919400B2542C /* FeedsListVC.swift in Sources */,
				C003777720869D6700B2542C /* ArticleModel.swift in Sources */,
				C003776C2086950900B2542C /* FeedCell.swift in Sources */,
				C00377662086926B00B2542C /* FeedsTable.swift in Sources */,
				C0037771208699B100B2542C /* NewsCell.swift in Sources */,
				C00377512086916300B2542C /* AppDelegate.swift in Sources */,
				C0037768208692DC00B2542C /* FeedModel.swift in Sources */,
				C003776F2086988F00B2542C /* NewsListVC.swift in Sources */,
				C00377792086B5A600B2542C /* Alert.swift in Sources */,
				C003777520869A9700B2542C /* NewsTable.swift in Sources */,
			);
			runOnlyForDeploymentPostprocessing = 0;
		};
/* End PBXSourcesBuildPhase section */

/* Begin PBXVariantGroup section */
		C00377542086916300B2542C /* Main.storyboard */ = {
			isa = PBXVariantGroup;
			children = (
				C00377552086916300B2542C /* Base */,
			);
			name = Main.storyboard;
			sourceTree = "<group>";
		};
		C00377592086916400B2542C /* LaunchScreen.storyboard */ = {
			isa = PBXVariantGroup;
			children = (
				C003775A2086916400B2542C /* Base */,
			);
			name = LaunchScreen.storyboard;
			sourceTree = "<group>";
		};
/* End PBXVariantGroup section */

/* Begin XCBuildConfiguration section */
		C003775D2086916400B2542C /* Debug */ = {
			isa = XCBuildConfiguration;
			buildSettings = {
				ALWAYS_SEARCH_USER_PATHS = NO;
				CLANG_ANALYZER_NONNULL = YES;
				CLANG_ANALYZER_NUMBER_OBJECT_CONVERSION = YES_AGGRESSIVE;
				CLANG_CXX_LANGUAGE_STANDARD = "gnu++14";
				CLANG_CXX_LIBRARY = "libc++";
				CLANG_ENABLE_MODULES = YES;
				CLANG_ENABLE_OBJC_ARC = YES;
				CLANG_ENABLE_OBJC_WEAK = YES;
				CLANG_WARN_BLOCK_CAPTURE_AUTORELEASING = YES;
				CLANG_WARN_BOOL_CONVERSION = YES;
				CLANG_WARN_COMMA = YES;
				CLANG_WARN_CONSTANT_CONVERSION = YES;
				CLANG_WARN_DEPRECATED_OBJC_IMPLEMENTATIONS = YES;
				CLANG_WARN_DIRECT_OBJC_ISA_USAGE = YES_ERROR;
				CLANG_WARN_DOCUMENTATION_COMMENTS = YES;
				CLANG_WARN_EMPTY_BODY = YES;
				CLANG_WARN_ENUM_CONVERSION = YES;
				CLANG_WARN_INFINITE_RECURSION = YES;
				CLANG_WARN_INT_CONVERSION = YES;
				CLANG_WARN_NON_LITERAL_NULL_CONVERSION = YES;
				CLANG_WARN_OBJC_IMPLICIT_RETAIN_SELF = YES;
				CLANG_WARN_OBJC_LITERAL_CONVERSION = YES;
				CLANG_WARN_OBJC_ROOT_CLASS = YES_ERROR;
				CLANG_WARN_RANGE_LOOP_ANALYSIS = YES;
				CLANG_WARN_STRICT_PROTOTYPES = YES;
				CLANG_WARN_SUSPICIOUS_MOVE = YES;
				CLANG_WARN_UNGUARDED_AVAILABILITY = YES_AGGRESSIVE;
				CLANG_WARN_UNREACHABLE_CODE = YES;
				CLANG_WARN__DUPLICATE_METHOD_MATCH = YES;
				CODE_SIGN_IDENTITY = "iPhone Developer";
				COPY_PHASE_STRIP = NO;
				DEBUG_INFORMATION_FORMAT = dwarf;
				ENABLE_STRICT_OBJC_MSGSEND = YES;
				ENABLE_TESTABILITY = YES;
				GCC_C_LANGUAGE_STANDARD = gnu11;
				GCC_DYNAMIC_NO_PIC = NO;
				GCC_NO_COMMON_BLOCKS = YES;
				GCC_OPTIMIZATION_LEVEL = 0;
				GCC_PREPROCESSOR_DEFINITIONS = (
					"DEBUG=1",
					"$(inherited)",
				);
				GCC_WARN_64_TO_32_BIT_CONVERSION = YES;
				GCC_WARN_ABOUT_RETURN_TYPE = YES_ERROR;
				GCC_WARN_UNDECLARED_SELECTOR = YES;
				GCC_WARN_UNINITIALIZED_AUTOS = YES_AGGRESSIVE;
				GCC_WARN_UNUSED_FUNCTION = YES;
				GCC_WARN_UNUSED_VARIABLE = YES;
				IPHONEOS_DEPLOYMENT_TARGET = 11.3;
				MTL_ENABLE_DEBUG_INFO = YES;
				ONLY_ACTIVE_ARCH = YES;
				SDKROOT = iphoneos;
				SWIFT_ACTIVE_COMPILATION_CONDITIONS = DEBUG;
				SWIFT_OPTIMIZATION_LEVEL = "-Onone";
			};
			name = Debug;
		};
		C003775E2086916400B2542C /* Release */ = {
			isa = XCBuildConfiguration;
			buildSettings = {
				ALWAYS_SEARCH_USER_PATHS = NO;
				CLANG_ANALYZER_NONNULL = YES;
				CLANG_ANALYZER_NUMBER_OBJECT_CONVERSION = YES_AGGRESSIVE;
				CLANG_CXX_LANGUAGE_STANDARD = "gnu++14";
				CLANG_CXX_LIBRARY = "libc++";
				CLANG_ENABLE_MODULES = YES;
				CLANG_ENABLE_OBJC_ARC = YES;
				CLANG_ENABLE_OBJC_WEAK = YES;
				CLANG_WARN_BLOCK_CAPTURE_AUTORELEASING = YES;
				CLANG_WARN_BOOL_CONVERSION = YES;
				CLANG_WARN_COMMA = YES;
				CLANG_WARN_CONSTANT_CONVERSION = YES;
				CLANG_WARN_DEPRECATED_OBJC_IMPLEMENTATIONS = YES;
				CLANG_WARN_DIRECT_OBJC_ISA_USAGE = YES_ERROR;
				CLANG_WARN_DOCUMENTATION_COMMENTS = YES;
				CLANG_WARN_EMPTY_BODY = YES;
				CLANG_WARN_ENUM_CONVERSION = YES;
				CLANG_WARN_INFINITE_RECURSION = YES;
				CLANG_WARN_INT_CONVERSION = YES;
				CLANG_WARN_NON_LITERAL_NULL_CONVERSION = YES;
				CLANG_WARN_OBJC_IMPLICIT_RETAIN_SELF = YES;
				CLANG_WARN_OBJC_LITERAL_CONVERSION = YES;
				CLANG_WARN_OBJC_ROOT_CLASS = YES_ERROR;
				CLANG_WARN_RANGE_LOOP_ANALYSIS = YES;
				CLANG_WARN_STRICT_PROTOTYPES = YES;
				CLANG_WARN_SUSPICIOUS_MOVE = YES;
				CLANG_WARN_UNGUARDED_AVAILABILITY = YES_AGGRESSIVE;
				CLANG_WARN_UNREACHABLE_CODE = YES;
				CLANG_WARN__DUPLICATE_METHOD_MATCH = YES;
				CODE_SIGN_IDENTITY = "iPhone Developer";
				COPY_PHASE_STRIP = NO;
				DEBUG_INFORMATION_FORMAT = "dwarf-with-dsym";
				ENABLE_NS_ASSERTIONS = NO;
				ENABLE_STRICT_OBJC_MSGSEND = YES;
				GCC_C_LANGUAGE_STANDARD = gnu11;
				GCC_NO_COMMON_BLOCKS = YES;
				GCC_WARN_64_TO_32_BIT_CONVERSION = YES;
				GCC_WARN_ABOUT_RETURN_TYPE = YES_ERROR;
				GCC_WARN_UNDECLARED_SELECTOR = YES;
				GCC_WARN_UNINITIALIZED_AUTOS = YES_AGGRESSIVE;
				GCC_WARN_UNUSED_FUNCTION = YES;
				GCC_WARN_UNUSED_VARIABLE = YES;
				IPHONEOS_DEPLOYMENT_TARGET = 11.3;
				MTL_ENABLE_DEBUG_INFO = NO;
				SDKROOT = iphoneos;
				SWIFT_COMPILATION_MODE = wholemodule;
				SWIFT_OPTIMIZATION_LEVEL = "-O";
				VALIDATE_PRODUCT = YES;
			};
			name = Release;
		};
		C00377602086916400B2542C /* Debug */ = {
			isa = XCBuildConfiguration;
			buildSettings = {
				ASSETCATALOG_COMPILER_APPICON_NAME = AppIcon;
				CODE_SIGN_STYLE = Automatic;
				DEVELOPMENT_TEAM = Z4NGAZXKWW;
				INFOPLIST_FILE = Reader/Info.plist;
				LD_RUNPATH_SEARCH_PATHS = (
					"$(inherited)",
					"@executable_path/Frameworks",
				);
				PRODUCT_BUNDLE_IDENTIFIER = uladzislau.daratsiuk.Reader;
				PRODUCT_NAME = "$(TARGET_NAME)";
				SWIFT_VERSION = 4.0;
				TARGETED_DEVICE_FAMILY = "1,2";
			};
			name = Debug;
		};
		C00377612086916400B2542C /* Release */ = {
			isa = XCBuildConfiguration;
			buildSettings = {
				ASSETCATALOG_COMPILER_APPICON_NAME = AppIcon;
				CODE_SIGN_STYLE = Automatic;
				DEVELOPMENT_TEAM = Z4NGAZXKWW;
				INFOPLIST_FILE = Reader/Info.plist;
				LD_RUNPATH_SEARCH_PATHS = (
					"$(inherited)",
					"@executable_path/Frameworks",
				);
				PRODUCT_BUNDLE_IDENTIFIER = uladzislau.daratsiuk.Reader;
				PRODUCT_NAME = "$(TARGET_NAME)";
				SWIFT_VERSION = 4.0;
				TARGETED_DEVICE_FAMILY = "1,2";
			};
			name = Release;
		};
/* End XCBuildConfiguration section */

/* Begin XCConfigurationList section */
		C00377482086916300B2542C /* Build configuration list for PBXProject "Reader" */ = {
			isa = XCConfigurationList;
			buildConfigurations = (
				C003775D2086916400B2542C /* Debug */,
				C003775E2086916400B2542C /* Release */,
			);
			defaultConfigurationIsVisible = 0;
			defaultConfigurationName = Release;
		};
		C003775F2086916400B2542C /* Build configuration list for PBXNativeTarget "Reader" */ = {
			isa = XCConfigurationList;
			buildConfigurations = (
				C00377602086916400B2542C /* Debug */,
				C00377612086916400B2542C /* Release */,
			);
			defaultConfigurationIsVisible = 0;
			defaultConfigurationName = Release;
		};
/* End XCConfigurationList section */
	};
	rootObject = C00377452086916300B2542C /* Project object */;
}
